
Microsoft Visual Studio Solution File, Format Version 12.00
# Visual Studio Version 17
VisualStudioVersion = 17.7.34221.43
MinimumVisualStudioVersion = 10.0.40219.1
Project("{9A19103F-16F7-4668-BE54-9A1E7A4F7556}") = "Stage0", "Stage0\Stage0.csproj", "{0E81385A-89A0-408B-AD1B-FC0C0408A50B}"
EndProject
Project("{2150E333-8FDC-42A3-9474-1A3956D46DE8}") = "Solution Items", "Solution Items", "{5A1BBB78-5AE2-46C9-BA25-9FC590ADEB4F}"
	ProjectSection(SolutionItems) = preProject
		README.md = README.md
	EndProjectSection
EndProject
Project("{9A19103F-16F7-4668-BE54-9A1E7A4F7556}") = "DalFacade", "DalFacade\DalFacade.csproj", "{17D2AFAB-187B-48F6-9719-A48784718D08}"
EndProject
Project("{9A19103F-16F7-4668-BE54-9A1E7A4F7556}") = "DalList", "DalList\DalList.csproj", "{D81505F9-C955-43B8-AC5A-FE24007B6BF2}"
EndProject
Project("{9A19103F-16F7-4668-BE54-9A1E7A4F7556}") = "DalTest", "DalTest\DalTest.csproj", "{2D6253C8-635B-4BB2-8370-E7D9EC99477C}"
EndProject
Project("{9A19103F-16F7-4668-BE54-9A1E7A4F7556}") = "DalXml", "DalXml\DalXml.csproj", "{B67E8F61-AE3D-4427-85A8-2FA70950F5CF}"
EndProject
Project("{2150E333-8FDC-42A3-9474-1A3956D46DE8}") = "xml", "xml", "{64057AEF-F734-4811-8E14-44E97692B14E}"
	ProjectSection(SolutionItems) = preProject
		xml\data-config.xml = xml\data-config.xml
		xml\dal-config.xml = xml\dal-config.xml
		xml\dependences.xml = xml\dependences.xml
		xml\engineers.xml = xml\engineers.xml
		xml\tasks.xml = xml\tasks.xml
	EndProjectSection
EndProject
Global
	GlobalSection(SolutionConfigurationPlatforms) = preSolution
		Debug|Any CPU = Debug|Any CPU
		Release|Any CPU = Release|Any CPU
	EndGlobalSection
	GlobalSection(ProjectConfigurationPlatforms) = postSolution
		{0E81385A-89A0-408B-AD1B-FC0C0408A50B}.Debug|Any CPU.ActiveCfg = Debug|Any CPU
		{0E81385A-89A0-408B-AD1B-FC0C0408A50B}.Debug|Any CPU.Build.0 = Debug|Any CPU
		{0E81385A-89A0-408B-AD1B-FC0C0408A50B}.Release|Any CPU.ActiveCfg = Release|Any CPU
		{0E81385A-89A0-408B-AD1B-FC0C0408A50B}.Release|Any CPU.Build.0 = Release|Any CPU
		{17D2AFAB-187B-48F6-9719-A48784718D08}.Debug|Any CPU.ActiveCfg = Debug|Any CPU
		{17D2AFAB-187B-48F6-9719-A48784718D08}.Debug|Any CPU.Build.0 = Debug|Any CPU
		{17D2AFAB-187B-48F6-9719-A48784718D08}.Release|Any CPU.ActiveCfg = Release|Any CPU
		{17D2AFAB-187B-48F6-9719-A48784718D08}.Release|Any CPU.Build.0 = Release|Any CPU
		{D81505F9-C955-43B8-AC5A-FE24007B6BF2}.Debug|Any CPU.ActiveCfg = Debug|Any CPU
		{D81505F9-C955-43B8-AC5A-FE24007B6BF2}.Debug|Any CPU.Build.0 = Debug|Any CPU
		{D81505F9-C955-43B8-AC5A-FE24007B6BF2}.Release|Any CPU.ActiveCfg = Release|Any CPU
		{D81505F9-C955-43B8-AC5A-FE24007B6BF2}.Release|Any CPU.Build.0 = Release|Any CPU
		{2D6253C8-635B-4BB2-8370-E7D9EC99477C}.Debug|Any CPU.ActiveCfg = Debug|Any CPU
		{2D6253C8-635B-4BB2-8370-E7D9EC99477C}.Debug|Any CPU.Build.0 = Debug|Any CPU
		{2D6253C8-635B-4BB2-8370-E7D9EC99477C}.Release|Any CPU.ActiveCfg = Release|Any CPU
		{2D6253C8-635B-4BB2-8370-E7D9EC99477C}.Release|Any CPU.Build.0 = Release|Any CPU
		{B67E8F61-AE3D-4427-85A8-2FA70950F5CF}.Debug|Any CPU.ActiveCfg = Debug|Any CPU
		{B67E8F61-AE3D-4427-85A8-2FA70950F5CF}.Debug|Any CPU.Build.0 = Debug|Any CPU
		{B67E8F61-AE3D-4427-85A8-2FA70950F5CF}.Release|Any CPU.ActiveCfg = Release|Any CPU
		{B67E8F61-AE3D-4427-85A8-2FA70950F5CF}.Release|Any CPU.Build.0 = Release|Any CPU
	EndGlobalSection
	GlobalSection(SolutionProperties) = preSolution
		HideSolutionNode = FALSE
	EndGlobalSection
	GlobalSection(ExtensibilityGlobals) = postSolution
		SolutionGuid = {AA2830BE-49B6-4C59-AB39-7D56BF0D5983}
	EndGlobalSection
EndGlobal
